// !$*UTF8*$!
{
	archiveVersion = 1;
	classes = {
	};
	objectVersion = 56;
	objects = {

/* Begin PBXBuildFile section */
		90200BA52B44BA6F00D3BA55 /* logo1.png in Resources */ = {isa = PBXBuildFile; fileRef = 90200BA42B44BA6E00D3BA55 /* logo1.png */; };
		90200BA62B44BA6F00D3BA55 /* logo1.png in Resources */ = {isa = PBXBuildFile; fileRef = 90200BA42B44BA6E00D3BA55 /* logo1.png */; };
		90200BA72B44BA6F00D3BA55 /* logo1.png in Resources */ = {isa = PBXBuildFile; fileRef = 90200BA42B44BA6E00D3BA55 /* logo1.png */; };
		9025400A2CF4D6D10019D729 /* Localizable.xcstrings in Resources */ = {isa = PBXBuildFile; fileRef = 902540092CF4D6D10019D729 /* Localizable.xcstrings */; };
		9070232C2CDA4869007B2199 /* TorrentDetailsViewModel.swift in Sources */ = {isa = PBXBuildFile; fileRef = 9070232B2CDA4864007B2199 /* TorrentDetailsViewModel.swift */; };
		907023302CDA5A56007B2199 /* TorrentListViewModel.swift in Sources */ = {isa = PBXBuildFile; fileRef = 9070232F2CDA5A51007B2199 /* TorrentListViewModel.swift */; };
		907023322CDA62FD007B2199 /* TorrentListView.swift in Sources */ = {isa = PBXBuildFile; fileRef = 907023312CDA62FD007B2199 /* TorrentListView.swift */; };
		907023342CDA657A007B2199 /* ChangeCategoryView.swift in Sources */ = {isa = PBXBuildFile; fileRef = 907023332CDA657A007B2199 /* ChangeCategoryView.swift */; };
		907023362CDA6592007B2199 /* ChangePathView.swift in Sources */ = {isa = PBXBuildFile; fileRef = 907023352CDA6592007B2199 /* ChangePathView.swift */; };
		90726B1F2CDA22160032993E /* AlertIdentifier.swift in Sources */ = {isa = PBXBuildFile; fileRef = 90726B0C2CDA22160032993E /* AlertIdentifier.swift */; };
		90726B212CDA22160032993E /* Category.swift in Sources */ = {isa = PBXBuildFile; fileRef = 90726B0E2CDA22160032993E /* Category.swift */; };
		90726B222CDA22160032993E /* File.swift in Sources */ = {isa = PBXBuildFile; fileRef = 90726B0F2CDA22160032993E /* File.swift */; };
		90726B232CDA22160032993E /* GlobalTransferInfo.swift in Sources */ = {isa = PBXBuildFile; fileRef = 90726B102CDA22160032993E /* GlobalTransferInfo.swift */; };
		90726B242CDA22160032993E /* MainData.swift in Sources */ = {isa = PBXBuildFile; fileRef = 90726B112CDA22160032993E /* MainData.swift */; };
		90726B252CDA22160032993E /* PartialServerState.swift in Sources */ = {isa = PBXBuildFile; fileRef = 90726B122CDA22160032993E /* PartialServerState.swift */; };
		90726B262CDA22160032993E /* Peer.swift in Sources */ = {isa = PBXBuildFile; fileRef = 90726B132CDA22160032993E /* Peer.swift */; };
		90726B272CDA22160032993E /* Peers.swift in Sources */ = {isa = PBXBuildFile; fileRef = 90726B142CDA22160032993E /* Peers.swift */; };
		90726B282CDA22160032993E /* qBitPreferences.swift in Sources */ = {isa = PBXBuildFile; fileRef = 90726B152CDA22160032993E /* qBitPreferences.swift */; };
		90726B292CDA22160032993E /* RSSFeed.swift in Sources */ = {isa = PBXBuildFile; fileRef = 90726B162CDA22160032993E /* RSSFeed.swift */; };
		90726B2A2CDA22160032993E /* Server.swift in Sources */ = {isa = PBXBuildFile; fileRef = 90726B172CDA22160032993E /* Server.swift */; };
		90726B2B2CDA22160032993E /* ServerAction.swift in Sources */ = {isa = PBXBuildFile; fileRef = 90726B182CDA22160032993E /* ServerAction.swift */; };
		90726B2C2CDA22160032993E /* ServerState.swift in Sources */ = {isa = PBXBuildFile; fileRef = 90726B192CDA22160032993E /* ServerState.swift */; };
		90726B2D2CDA22160032993E /* SheetIdentifier.swift in Sources */ = {isa = PBXBuildFile; fileRef = 90726B1A2CDA22160032993E /* SheetIdentifier.swift */; };
		90726B2E2CDA22160032993E /* Torrent.swift in Sources */ = {isa = PBXBuildFile; fileRef = 90726B1B2CDA22160032993E /* Torrent.swift */; };
		90726B2F2CDA22160032993E /* Tracker.swift in Sources */ = {isa = PBXBuildFile; fileRef = 90726B1C2CDA22160032993E /* Tracker.swift */; };
		90726B302CDA22160032993E /* TransferInfo.swift in Sources */ = {isa = PBXBuildFile; fileRef = 90726B1D2CDA22160032993E /* TransferInfo.swift */; };
		90726B552CDA22190032993E /* RSSView.swift in Sources */ = {isa = PBXBuildFile; fileRef = 90726B332CDA22190032993E /* RSSView.swift */; };
		90726B562CDA22190032993E /* ServerAddView.swift in Sources */ = {isa = PBXBuildFile; fileRef = 90726B352CDA22190032993E /* ServerAddView.swift */; };
		90726B572CDA22190032993E /* ServerRowView.swift in Sources */ = {isa = PBXBuildFile; fileRef = 90726B362CDA22190032993E /* ServerRowView.swift */; };
		90726B582CDA22190032993E /* ServersView.swift in Sources */ = {isa = PBXBuildFile; fileRef = 90726B372CDA22190032993E /* ServersView.swift */; };
		90726B592CDA22190032993E /* CustomLabelView.swift in Sources */ = {isa = PBXBuildFile; fileRef = 90726B392CDA22190032993E /* CustomLabelView.swift */; };
		90726B5A2CDA22190032993E /* MenuControlsLabelView.swift in Sources */ = {isa = PBXBuildFile; fileRef = 90726B3A2CDA22190032993E /* MenuControlsLabelView.swift */; };
		90726B5B2CDA22190032993E /* TorrentListHelperView.swift in Sources */ = {isa = PBXBuildFile; fileRef = 90726B3C2CDA22190032993E /* TorrentListHelperView.swift */; };
		90726B5C2CDA22190032993E /* TorrentListDefaultToolbar.swift in Sources */ = {isa = PBXBuildFile; fileRef = 90726B3D2CDA22190032993E /* TorrentListDefaultToolbar.swift */; };
		90726B5D2CDA22190032993E /* TorrentListSelectionToolbar.swift in Sources */ = {isa = PBXBuildFile; fileRef = 90726B3E2CDA22190032993E /* TorrentListSelectionToolbar.swift */; };
		90726B5E2CDA22190032993E /* TorrentListToolbar.swift in Sources */ = {isa = PBXBuildFile; fileRef = 90726B3F2CDA22190032993E /* TorrentListToolbar.swift */; };
		90726B602CDA22190032993E /* StatsChartView.swift in Sources */ = {isa = PBXBuildFile; fileRef = 90726B422CDA22190032993E /* StatsChartView.swift */; };
		90726B612CDA22190032993E /* StatsView.swift in Sources */ = {isa = PBXBuildFile; fileRef = 90726B432CDA22190032993E /* StatsView.swift */; };
		90726B622CDA22190032993E /* AboutView.swift in Sources */ = {isa = PBXBuildFile; fileRef = 90726B452CDA22190032993E /* AboutView.swift */; };
		90726B632CDA22190032993E /* TorrentAddView.swift in Sources */ = {isa = PBXBuildFile; fileRef = 90726B462CDA22190032993E /* TorrentAddView.swift */; };
		90726B642CDA22190032993E /* FilesView.swift in Sources */ = {isa = PBXBuildFile; fileRef = 90726B472CDA22190032993E /* FilesView.swift */; };
		90726B652CDA22190032993E /* PeersRowView.swift in Sources */ = {isa = PBXBuildFile; fileRef = 90726B482CDA22190032993E /* PeersRowView.swift */; };
		90726B662CDA22190032993E /* PeersView.swift in Sources */ = {isa = PBXBuildFile; fileRef = 90726B492CDA22190032993E /* PeersView.swift */; };
		90726B672CDA22190032993E /* TrackerRow.swift in Sources */ = {isa = PBXBuildFile; fileRef = 90726B4A2CDA22190032993E /* TrackerRow.swift */; };
		90726B682CDA22190032993E /* TrackersView.swift in Sources */ = {isa = PBXBuildFile; fileRef = 90726B4B2CDA22190032993E /* TrackersView.swift */; };
		90726B692CDA22190032993E /* TorrentDetailsView.swift in Sources */ = {isa = PBXBuildFile; fileRef = 90726B4C2CDA22190032993E /* TorrentDetailsView.swift */; };
		90726B6A2CDA22190032993E /* FiltersMenuView.swift in Sources */ = {isa = PBXBuildFile; fileRef = 90726B4D2CDA22190032993E /* FiltersMenuView.swift */; };
		90726B6B2CDA22190032993E /* PeerDetailsView.swift in Sources */ = {isa = PBXBuildFile; fileRef = 90726B4E2CDA22190032993E /* PeerDetailsView.swift */; };
		90726B6C2CDA22190032993E /* TorrentRowView.swift in Sources */ = {isa = PBXBuildFile; fileRef = 90726B4F2CDA22190032993E /* TorrentRowView.swift */; };
		90726B6D2CDA22190032993E /* MainView.swift in Sources */ = {isa = PBXBuildFile; fileRef = 90726B512CDA22190032993E /* MainView.swift */; };
		90726B752CDA221B0032993E /* ServerAddViewModel.swift in Sources */ = {isa = PBXBuildFile; fileRef = 90726B6E2CDA221B0032993E /* ServerAddViewModel.swift */; };
		90726B762CDA221B0032993E /* TorrentAddViewModel.swift in Sources */ = {isa = PBXBuildFile; fileRef = 90726B702CDA221B0032993E /* TorrentAddViewModel.swift */; };
		90726B772CDA221B0032993E /* TorrentListHelperViewModel.swift in Sources */ = {isa = PBXBuildFile; fileRef = 90726B712CDA221B0032993E /* TorrentListHelperViewModel.swift */; };
		90726B782CDA221B0032993E /* MainViewModel.swift in Sources */ = {isa = PBXBuildFile; fileRef = 90726B732CDA221B0032993E /* MainViewModel.swift */; };
		90726B7A2CDA24960032993E /* TrackersViewModel.swift in Sources */ = {isa = PBXBuildFile; fileRef = 90726B792CDA24820032993E /* TrackersViewModel.swift */; };
		9082FA2329080E53006C3960 /* qBitControlApp.swift in Sources */ = {isa = PBXBuildFile; fileRef = 9082FA2229080E53006C3960 /* qBitControlApp.swift */; };
		9082FA2729080E55006C3960 /* Assets.xcassets in Resources */ = {isa = PBXBuildFile; fileRef = 9082FA2629080E55006C3960 /* Assets.xcassets */; };
		9082FA2A29080E55006C3960 /* Preview Assets.xcassets in Resources */ = {isa = PBXBuildFile; fileRef = 9082FA2929080E55006C3960 /* Preview Assets.xcassets */; };
		9082FA4D29082208006C3960 /* qBittorrentClass.swift in Sources */ = {isa = PBXBuildFile; fileRef = 9082FA4C29082208006C3960 /* qBittorrentClass.swift */; };
		909EE5A22CDD3B51002403DF /* RSSNodeViewModel.swift in Sources */ = {isa = PBXBuildFile; fileRef = 909EE5A12CDD3B4E002403DF /* RSSNodeViewModel.swift */; };
		90AE89322CDB6F00000E0276 /* RSSViewModel.swift in Sources */ = {isa = PBXBuildFile; fileRef = 90AE89312CDB6EFC000E0276 /* RSSViewModel.swift */; };
		90AE89342CDB731A000E0276 /* RSSNode.swift in Sources */ = {isa = PBXBuildFile; fileRef = 90AE89332CDB7316000E0276 /* RSSNode.swift */; };
		90AE89392CDBEC4D000E0276 /* RSSNodeView.swift in Sources */ = {isa = PBXBuildFile; fileRef = 90AE89382CDBEC47000E0276 /* RSSNodeView.swift */; };
		90AE893B2CDBEDF6000E0276 /* RSSFeedView.swift in Sources */ = {isa = PBXBuildFile; fileRef = 90AE893A2CDBEDF3000E0276 /* RSSFeedView.swift */; };
		90AE893D2CDBEF1C000E0276 /* RSSArticleView.swift in Sources */ = {isa = PBXBuildFile; fileRef = 90AE893C2CDBEF19000E0276 /* RSSArticleView.swift */; };
		90BA88552B2206F100C8A342 /* LocalNetworkPermissionClass.swift in Sources */ = {isa = PBXBuildFile; fileRef = 90BA88542B2206F100C8A342 /* LocalNetworkPermissionClass.swift */; };
		90DCA7E52B51C393008A9C1B /* ServersHelper.swift in Sources */ = {isa = PBXBuildFile; fileRef = 90DCA7E42B51C393008A9C1B /* ServersHelper.swift */; };
		90E86FFE2C81C89A00F4EA01 /* qBitDataClass.swift in Sources */ = {isa = PBXBuildFile; fileRef = 90E86FFD2C81C89A00F4EA01 /* qBitDataClass.swift */; };
		90EF6A492909267A001E9E7F /* AuthClass.swift in Sources */ = {isa = PBXBuildFile; fileRef = 90EF6A482909267A001E9E7F /* AuthClass.swift */; };
		90EF6A4D29093142001E9E7F /* qBitRequestClass.swift in Sources */ = {isa = PBXBuildFile; fileRef = 90EF6A4C29093142001E9E7F /* qBitRequestClass.swift */; };
		90FA253629190D0400DC8F0B /* FileNodeClass.swift in Sources */ = {isa = PBXBuildFile; fileRef = 90FA253529190D0400DC8F0B /* FileNodeClass.swift */; };
		90FF93472C8707BF001CDCE4 /* AppInfo.swift in Sources */ = {isa = PBXBuildFile; fileRef = 90FF93462C8707BF001CDCE4 /* AppInfo.swift */; };
/* End PBXBuildFile section */

/* Begin PBXContainerItemProxy section */
		9082FA3029080E55006C3960 /* PBXContainerItemProxy */ = {
			isa = PBXContainerItemProxy;
			containerPortal = 9082FA1729080E53006C3960 /* Project object */;
			proxyType = 1;
			remoteGlobalIDString = 9082FA1E29080E53006C3960;
			remoteInfo = TorrentAttempt;
		};
		9082FA3A29080E55006C3960 /* PBXContainerItemProxy */ = {
			isa = PBXContainerItemProxy;
			containerPortal = 9082FA1729080E53006C3960 /* Project object */;
			proxyType = 1;
			remoteGlobalIDString = 9082FA1E29080E53006C3960;
			remoteInfo = TorrentAttempt;
		};
/* End PBXContainerItemProxy section */

/* Begin PBXFileReference section */
		90200BA42B44BA6E00D3BA55 /* logo1.png */ = {isa = PBXFileReference; lastKnownFileType = image.png; name = logo1.png; path = qBitControl/Assets.xcassets/AppIcon.appiconset/logo1.png; sourceTree = "<group>"; };
		90200BA82B44BC2600D3BA55 /* qBitControlTests-Bridging-Header.h */ = {isa = PBXFileReference; lastKnownFileType = sourcecode.c.h; path = "qBitControlTests-Bridging-Header.h"; sourceTree = "<group>"; };
		90200BA92B44BC2600D3BA55 /* qBitControlUITests-Bridging-Header.h */ = {isa = PBXFileReference; lastKnownFileType = sourcecode.c.h; path = "qBitControlUITests-Bridging-Header.h"; sourceTree = "<group>"; };
		902540092CF4D6D10019D729 /* Localizable.xcstrings */ = {isa = PBXFileReference; lastKnownFileType = text.json.xcstrings; path = Localizable.xcstrings; sourceTree = "<group>"; };
		9070232B2CDA4864007B2199 /* TorrentDetailsViewModel.swift */ = {isa = PBXFileReference; lastKnownFileType = sourcecode.swift; path = TorrentDetailsViewModel.swift; sourceTree = "<group>"; };
		9070232F2CDA5A51007B2199 /* TorrentListViewModel.swift */ = {isa = PBXFileReference; lastKnownFileType = sourcecode.swift; path = TorrentListViewModel.swift; sourceTree = "<group>"; };
		907023312CDA62FD007B2199 /* TorrentListView.swift */ = {isa = PBXFileReference; lastKnownFileType = sourcecode.swift; path = TorrentListView.swift; sourceTree = "<group>"; };
		907023332CDA657A007B2199 /* ChangeCategoryView.swift */ = {isa = PBXFileReference; lastKnownFileType = sourcecode.swift; path = ChangeCategoryView.swift; sourceTree = "<group>"; };
		907023352CDA6592007B2199 /* ChangePathView.swift */ = {isa = PBXFileReference; lastKnownFileType = sourcecode.swift; path = ChangePathView.swift; sourceTree = "<group>"; };
		90726B0C2CDA22160032993E /* AlertIdentifier.swift */ = {isa = PBXFileReference; lastKnownFileType = sourcecode.swift; path = AlertIdentifier.swift; sourceTree = "<group>"; };
		90726B0E2CDA22160032993E /* Category.swift */ = {isa = PBXFileReference; lastKnownFileType = sourcecode.swift; path = Category.swift; sourceTree = "<group>"; };
		90726B0F2CDA22160032993E /* File.swift */ = {isa = PBXFileReference; lastKnownFileType = sourcecode.swift; path = File.swift; sourceTree = "<group>"; };
		90726B102CDA22160032993E /* GlobalTransferInfo.swift */ = {isa = PBXFileReference; lastKnownFileType = sourcecode.swift; path = GlobalTransferInfo.swift; sourceTree = "<group>"; };
		90726B112CDA22160032993E /* MainData.swift */ = {isa = PBXFileReference; lastKnownFileType = sourcecode.swift; path = MainData.swift; sourceTree = "<group>"; };
		90726B122CDA22160032993E /* PartialServerState.swift */ = {isa = PBXFileReference; lastKnownFileType = sourcecode.swift; path = PartialServerState.swift; sourceTree = "<group>"; };
		90726B132CDA22160032993E /* Peer.swift */ = {isa = PBXFileReference; lastKnownFileType = sourcecode.swift; path = Peer.swift; sourceTree = "<group>"; };
		90726B142CDA22160032993E /* Peers.swift */ = {isa = PBXFileReference; lastKnownFileType = sourcecode.swift; path = Peers.swift; sourceTree = "<group>"; };
		90726B152CDA22160032993E /* qBitPreferences.swift */ = {isa = PBXFileReference; lastKnownFileType = sourcecode.swift; path = qBitPreferences.swift; sourceTree = "<group>"; };
		90726B162CDA22160032993E /* RSSFeed.swift */ = {isa = PBXFileReference; lastKnownFileType = sourcecode.swift; path = RSSFeed.swift; sourceTree = "<group>"; };
		90726B172CDA22160032993E /* Server.swift */ = {isa = PBXFileReference; lastKnownFileType = sourcecode.swift; path = Server.swift; sourceTree = "<group>"; };
		90726B182CDA22160032993E /* ServerAction.swift */ = {isa = PBXFileReference; lastKnownFileType = sourcecode.swift; path = ServerAction.swift; sourceTree = "<group>"; };
		90726B192CDA22160032993E /* ServerState.swift */ = {isa = PBXFileReference; lastKnownFileType = sourcecode.swift; path = ServerState.swift; sourceTree = "<group>"; };
		90726B1A2CDA22160032993E /* SheetIdentifier.swift */ = {isa = PBXFileReference; lastKnownFileType = sourcecode.swift; path = SheetIdentifier.swift; sourceTree = "<group>"; };
		90726B1B2CDA22160032993E /* Torrent.swift */ = {isa = PBXFileReference; lastKnownFileType = sourcecode.swift; path = Torrent.swift; sourceTree = "<group>"; };
		90726B1C2CDA22160032993E /* Tracker.swift */ = {isa = PBXFileReference; lastKnownFileType = sourcecode.swift; path = Tracker.swift; sourceTree = "<group>"; };
		90726B1D2CDA22160032993E /* TransferInfo.swift */ = {isa = PBXFileReference; lastKnownFileType = sourcecode.swift; path = TransferInfo.swift; sourceTree = "<group>"; };
		90726B332CDA22190032993E /* RSSView.swift */ = {isa = PBXFileReference; lastKnownFileType = sourcecode.swift; path = RSSView.swift; sourceTree = "<group>"; };
		90726B352CDA22190032993E /* ServerAddView.swift */ = {isa = PBXFileReference; lastKnownFileType = sourcecode.swift; path = ServerAddView.swift; sourceTree = "<group>"; };
		90726B362CDA22190032993E /* ServerRowView.swift */ = {isa = PBXFileReference; lastKnownFileType = sourcecode.swift; path = ServerRowView.swift; sourceTree = "<group>"; };
		90726B372CDA22190032993E /* ServersView.swift */ = {isa = PBXFileReference; lastKnownFileType = sourcecode.swift; path = ServersView.swift; sourceTree = "<group>"; };
		90726B392CDA22190032993E /* CustomLabelView.swift */ = {isa = PBXFileReference; lastKnownFileType = sourcecode.swift; path = CustomLabelView.swift; sourceTree = "<group>"; };
		90726B3A2CDA22190032993E /* MenuControlsLabelView.swift */ = {isa = PBXFileReference; lastKnownFileType = sourcecode.swift; path = MenuControlsLabelView.swift; sourceTree = "<group>"; };
		90726B3C2CDA22190032993E /* TorrentListHelperView.swift */ = {isa = PBXFileReference; lastKnownFileType = sourcecode.swift; path = TorrentListHelperView.swift; sourceTree = "<group>"; };
		90726B3D2CDA22190032993E /* TorrentListDefaultToolbar.swift */ = {isa = PBXFileReference; lastKnownFileType = sourcecode.swift; path = TorrentListDefaultToolbar.swift; sourceTree = "<group>"; };
		90726B3E2CDA22190032993E /* TorrentListSelectionToolbar.swift */ = {isa = PBXFileReference; lastKnownFileType = sourcecode.swift; path = TorrentListSelectionToolbar.swift; sourceTree = "<group>"; };
		90726B3F2CDA22190032993E /* TorrentListToolbar.swift */ = {isa = PBXFileReference; lastKnownFileType = sourcecode.swift; path = TorrentListToolbar.swift; sourceTree = "<group>"; };
		90726B422CDA22190032993E /* StatsChartView.swift */ = {isa = PBXFileReference; lastKnownFileType = sourcecode.swift; path = StatsChartView.swift; sourceTree = "<group>"; };
		90726B432CDA22190032993E /* StatsView.swift */ = {isa = PBXFileReference; lastKnownFileType = sourcecode.swift; path = StatsView.swift; sourceTree = "<group>"; };
		90726B452CDA22190032993E /* AboutView.swift */ = {isa = PBXFileReference; lastKnownFileType = sourcecode.swift; path = AboutView.swift; sourceTree = "<group>"; };
		90726B462CDA22190032993E /* TorrentAddView.swift */ = {isa = PBXFileReference; lastKnownFileType = sourcecode.swift; path = TorrentAddView.swift; sourceTree = "<group>"; };
		90726B472CDA22190032993E /* FilesView.swift */ = {isa = PBXFileReference; lastKnownFileType = sourcecode.swift; path = FilesView.swift; sourceTree = "<group>"; };
		90726B482CDA22190032993E /* PeersRowView.swift */ = {isa = PBXFileReference; lastKnownFileType = sourcecode.swift; path = PeersRowView.swift; sourceTree = "<group>"; };
		90726B492CDA22190032993E /* PeersView.swift */ = {isa = PBXFileReference; lastKnownFileType = sourcecode.swift; path = PeersView.swift; sourceTree = "<group>"; };
		90726B4A2CDA22190032993E /* TrackerRow.swift */ = {isa = PBXFileReference; lastKnownFileType = sourcecode.swift; path = TrackerRow.swift; sourceTree = "<group>"; };
		90726B4B2CDA22190032993E /* TrackersView.swift */ = {isa = PBXFileReference; lastKnownFileType = sourcecode.swift; path = TrackersView.swift; sourceTree = "<group>"; };
		90726B4C2CDA22190032993E /* TorrentDetailsView.swift */ = {isa = PBXFileReference; lastKnownFileType = sourcecode.swift; path = TorrentDetailsView.swift; sourceTree = "<group>"; };
		90726B4D2CDA22190032993E /* FiltersMenuView.swift */ = {isa = PBXFileReference; lastKnownFileType = sourcecode.swift; path = FiltersMenuView.swift; sourceTree = "<group>"; };
		90726B4E2CDA22190032993E /* PeerDetailsView.swift */ = {isa = PBXFileReference; lastKnownFileType = sourcecode.swift; path = PeerDetailsView.swift; sourceTree = "<group>"; };
		90726B4F2CDA22190032993E /* TorrentRowView.swift */ = {isa = PBXFileReference; lastKnownFileType = sourcecode.swift; path = TorrentRowView.swift; sourceTree = "<group>"; };
		90726B512CDA22190032993E /* MainView.swift */ = {isa = PBXFileReference; lastKnownFileType = sourcecode.swift; path = MainView.swift; sourceTree = "<group>"; };
		90726B6E2CDA221B0032993E /* ServerAddViewModel.swift */ = {isa = PBXFileReference; lastKnownFileType = sourcecode.swift; path = ServerAddViewModel.swift; sourceTree = "<group>"; };
		90726B702CDA221B0032993E /* TorrentAddViewModel.swift */ = {isa = PBXFileReference; lastKnownFileType = sourcecode.swift; path = TorrentAddViewModel.swift; sourceTree = "<group>"; };
		90726B712CDA221B0032993E /* TorrentListHelperViewModel.swift */ = {isa = PBXFileReference; lastKnownFileType = sourcecode.swift; path = TorrentListHelperViewModel.swift; sourceTree = "<group>"; };
		90726B732CDA221B0032993E /* MainViewModel.swift */ = {isa = PBXFileReference; lastKnownFileType = sourcecode.swift; path = MainViewModel.swift; sourceTree = "<group>"; };
		90726B792CDA24820032993E /* TrackersViewModel.swift */ = {isa = PBXFileReference; lastKnownFileType = sourcecode.swift; path = TrackersViewModel.swift; sourceTree = "<group>"; };
		9082FA1F29080E53006C3960 /* qBitManager.app */ = {isa = PBXFileReference; explicitFileType = wrapper.application; includeInIndex = 0; path = qBitManager.app; sourceTree = BUILT_PRODUCTS_DIR; };
		9082FA2229080E53006C3960 /* qBitControlApp.swift */ = {isa = PBXFileReference; lastKnownFileType = sourcecode.swift; path = qBitControlApp.swift; sourceTree = "<group>"; };
		9082FA2629080E55006C3960 /* Assets.xcassets */ = {isa = PBXFileReference; lastKnownFileType = folder.assetcatalog; path = Assets.xcassets; sourceTree = "<group>"; };
		9082FA2929080E55006C3960 /* Preview Assets.xcassets */ = {isa = PBXFileReference; lastKnownFileType = folder.assetcatalog; path = "Preview Assets.xcassets"; sourceTree = "<group>"; };
		9082FA2F29080E55006C3960 /* qBitControlTests.xctest */ = {isa = PBXFileReference; explicitFileType = wrapper.cfbundle; includeInIndex = 0; path = qBitControlTests.xctest; sourceTree = BUILT_PRODUCTS_DIR; };
		9082FA3929080E55006C3960 /* qBitControlUITests.xctest */ = {isa = PBXFileReference; explicitFileType = wrapper.cfbundle; includeInIndex = 0; path = qBitControlUITests.xctest; sourceTree = BUILT_PRODUCTS_DIR; };
		9082FA4C29082208006C3960 /* qBittorrentClass.swift */ = {isa = PBXFileReference; lastKnownFileType = sourcecode.swift; path = qBittorrentClass.swift; sourceTree = "<group>"; };
		909EE5A12CDD3B4E002403DF /* RSSNodeViewModel.swift */ = {isa = PBXFileReference; lastKnownFileType = sourcecode.swift; path = RSSNodeViewModel.swift; sourceTree = "<group>"; };
		90AE89312CDB6EFC000E0276 /* RSSViewModel.swift */ = {isa = PBXFileReference; lastKnownFileType = sourcecode.swift; path = RSSViewModel.swift; sourceTree = "<group>"; };
		90AE89332CDB7316000E0276 /* RSSNode.swift */ = {isa = PBXFileReference; lastKnownFileType = sourcecode.swift; path = RSSNode.swift; sourceTree = "<group>"; };
		90AE89382CDBEC47000E0276 /* RSSNodeView.swift */ = {isa = PBXFileReference; lastKnownFileType = sourcecode.swift; path = RSSNodeView.swift; sourceTree = "<group>"; };
		90AE893A2CDBEDF3000E0276 /* RSSFeedView.swift */ = {isa = PBXFileReference; lastKnownFileType = sourcecode.swift; path = RSSFeedView.swift; sourceTree = "<group>"; };
		90AE893C2CDBEF19000E0276 /* RSSArticleView.swift */ = {isa = PBXFileReference; lastKnownFileType = sourcecode.swift; path = RSSArticleView.swift; sourceTree = "<group>"; };
		90BA88532B22019900C8A342 /* Info.plist */ = {isa = PBXFileReference; lastKnownFileType = text.plist; path = Info.plist; sourceTree = "<group>"; };
		90BA88542B2206F100C8A342 /* LocalNetworkPermissionClass.swift */ = {isa = PBXFileReference; lastKnownFileType = sourcecode.swift; path = LocalNetworkPermissionClass.swift; sourceTree = "<group>"; };
		90DCA7E42B51C393008A9C1B /* ServersHelper.swift */ = {isa = PBXFileReference; lastKnownFileType = sourcecode.swift; path = ServersHelper.swift; sourceTree = "<group>"; };
		90E86FFD2C81C89A00F4EA01 /* qBitDataClass.swift */ = {isa = PBXFileReference; lastKnownFileType = sourcecode.swift; path = qBitDataClass.swift; sourceTree = "<group>"; };
		90EF6A482909267A001E9E7F /* AuthClass.swift */ = {isa = PBXFileReference; lastKnownFileType = sourcecode.swift; path = AuthClass.swift; sourceTree = "<group>"; };
		90EF6A4C29093142001E9E7F /* qBitRequestClass.swift */ = {isa = PBXFileReference; lastKnownFileType = sourcecode.swift; path = qBitRequestClass.swift; sourceTree = "<group>"; };
		90FA253529190D0400DC8F0B /* FileNodeClass.swift */ = {isa = PBXFileReference; lastKnownFileType = sourcecode.swift; path = FileNodeClass.swift; sourceTree = "<group>"; };
		90FF93462C8707BF001CDCE4 /* AppInfo.swift */ = {isa = PBXFileReference; lastKnownFileType = sourcecode.swift; path = AppInfo.swift; sourceTree = "<group>"; };
		CE421B2E2BD7A9C800225FC1 /* qBitControl.entitlements */ = {isa = PBXFileReference; lastKnownFileType = text.plist.entitlements; path = qBitControl.entitlements; sourceTree = "<group>"; };
/* End PBXFileReference section */

/* Begin PBXFrameworksBuildPhase section */
		9082FA1C29080E53006C3960 /* Frameworks */ = {
			isa = PBXFrameworksBuildPhase;
			buildActionMask = 2147483647;
			files = (
			);
			runOnlyForDeploymentPostprocessing = 0;
		};
		9082FA2C29080E55006C3960 /* Frameworks */ = {
			isa = PBXFrameworksBuildPhase;
			buildActionMask = 2147483647;
			files = (
			);
			runOnlyForDeploymentPostprocessing = 0;
		};
		9082FA3629080E55006C3960 /* Frameworks */ = {
			isa = PBXFrameworksBuildPhase;
			buildActionMask = 2147483647;
			files = (
			);
			runOnlyForDeploymentPostprocessing = 0;
		};
/* End PBXFrameworksBuildPhase section */

/* Begin PBXGroup section */
		9006B5212C186974002DDD4E /* Localizations */ = {
			isa = PBXGroup;
			children = (
				902540092CF4D6D10019D729 /* Localizable.xcstrings */,
			);
			name = Localizations;
			path = Localization/Localizations;
			sourceTree = "<group>";
		};
		903DED2C290A8A2000FB36D6 /* Classes */ = {
			isa = PBXGroup;
			children = (
				90EF6A482909267A001E9E7F /* AuthClass.swift */,
				9082FA4C29082208006C3960 /* qBittorrentClass.swift */,
				90EF6A4C29093142001E9E7F /* qBitRequestClass.swift */,
				90E86FFD2C81C89A00F4EA01 /* qBitDataClass.swift */,
				90FA253529190D0400DC8F0B /* FileNodeClass.swift */,
				90BA88542B2206F100C8A342 /* LocalNetworkPermissionClass.swift */,
				90DCA7E42B51C393008A9C1B /* ServersHelper.swift */,
				90FF93462C8707BF001CDCE4 /* AppInfo.swift */,
			);
			path = Classes;
			sourceTree = "<group>";
		};
		9070232D2CDA556A007B2199 /* Toolbars */ = {
			isa = PBXGroup;
			children = (
				9070232E2CDA5577007B2199 /* TorrentListToolbar */,
			);
			path = Toolbars;
			sourceTree = "<group>";
		};
		9070232E2CDA5577007B2199 /* TorrentListToolbar */ = {
			isa = PBXGroup;
			children = (
				90726B3D2CDA22190032993E /* TorrentListDefaultToolbar.swift */,
				90726B3E2CDA22190032993E /* TorrentListSelectionToolbar.swift */,
				90726B3F2CDA22190032993E /* TorrentListToolbar.swift */,
			);
			path = TorrentListToolbar;
			sourceTree = "<group>";
		};
		90726B1E2CDA22160032993E /* Models */ = {
			isa = PBXGroup;
			children = (
				90726B0C2CDA22160032993E /* AlertIdentifier.swift */,
				90726B0E2CDA22160032993E /* Category.swift */,
				90726B0F2CDA22160032993E /* File.swift */,
				90726B102CDA22160032993E /* GlobalTransferInfo.swift */,
				90726B112CDA22160032993E /* MainData.swift */,
				90726B122CDA22160032993E /* PartialServerState.swift */,
				90726B132CDA22160032993E /* Peer.swift */,
				90726B142CDA22160032993E /* Peers.swift */,
				90726B152CDA22160032993E /* qBitPreferences.swift */,
				90AE89332CDB7316000E0276 /* RSSNode.swift */,
				90726B162CDA22160032993E /* RSSFeed.swift */,
				90726B172CDA22160032993E /* Server.swift */,
				90726B182CDA22160032993E /* ServerAction.swift */,
				90726B192CDA22160032993E /* ServerState.swift */,
				90726B1A2CDA22160032993E /* SheetIdentifier.swift */,
				90726B1B2CDA22160032993E /* Torrent.swift */,
				90726B1C2CDA22160032993E /* Tracker.swift */,
				90726B1D2CDA22160032993E /* TransferInfo.swift */,
			);
			path = Models;
			sourceTree = "<group>";
		};
		90726B342CDA22190032993E /* RSSViews */ = {
			isa = PBXGroup;
			children = (
				90AE893C2CDBEF19000E0276 /* RSSArticleView.swift */,
				90726B332CDA22190032993E /* RSSView.swift */,
				90AE89382CDBEC47000E0276 /* RSSNodeView.swift */,
				90AE893A2CDBEDF3000E0276 /* RSSFeedView.swift */,
			);
			path = RSSViews;
			sourceTree = "<group>";
		};
		90726B382CDA22190032993E /* ServersViews */ = {
			isa = PBXGroup;
			children = (
				90726B352CDA22190032993E /* ServerAddView.swift */,
				90726B362CDA22190032993E /* ServerRowView.swift */,
				90726B372CDA22190032993E /* ServersView.swift */,
			);
			path = ServersViews;
			sourceTree = "<group>";
		};
		90726B3B2CDA22190032993E /* Components */ = {
			isa = PBXGroup;
			children = (
				90726B4F2CDA22190032993E /* TorrentRowView.swift */,
				90726B482CDA22190032993E /* PeersRowView.swift */,
				90726B422CDA22190032993E /* StatsChartView.swift */,
				90726B392CDA22190032993E /* CustomLabelView.swift */,
				90726B3A2CDA22190032993E /* MenuControlsLabelView.swift */,
				90726B4A2CDA22190032993E /* TrackerRow.swift */,
				907023332CDA657A007B2199 /* ChangeCategoryView.swift */,
				907023352CDA6592007B2199 /* ChangePathView.swift */,
			);
			path = Components;
			sourceTree = "<group>";
		};
		90726B502CDA22190032993E /* TorrentViews */ = {
			isa = PBXGroup;
			children = (
				907023312CDA62FD007B2199 /* TorrentListView.swift */,
				90726B3C2CDA22190032993E /* TorrentListHelperView.swift */,
				90726B462CDA22190032993E /* TorrentAddView.swift */,
				90726B4C2CDA22190032993E /* TorrentDetailsView.swift */,
				90726B4D2CDA22190032993E /* FiltersMenuView.swift */,
				90726B432CDA22190032993E /* StatsView.swift */,
				90726B452CDA22190032993E /* AboutView.swift */,
				90726B472CDA22190032993E /* FilesView.swift */,
				90726B492CDA22190032993E /* PeersView.swift */,
				90726B4B2CDA22190032993E /* TrackersView.swift */,
				90726B4E2CDA22190032993E /* PeerDetailsView.swift */,
			);
			path = TorrentViews;
			sourceTree = "<group>";
		};
		90726B522CDA22190032993E /* Views */ = {
			isa = PBXGroup;
			children = (
				90726B342CDA22190032993E /* RSSViews */,
				90726B382CDA22190032993E /* ServersViews */,
				90726B502CDA22190032993E /* TorrentViews */,
				90726B512CDA22190032993E /* MainView.swift */,
			);
			path = Views;
			sourceTree = "<group>";
		};
		90726B6F2CDA221B0032993E /* ServersView */ = {
			isa = PBXGroup;
			children = (
				90726B6E2CDA221B0032993E /* ServerAddViewModel.swift */,
			);
			path = ServersView;
			sourceTree = "<group>";
		};
		90726B722CDA221B0032993E /* TorrentView */ = {
			isa = PBXGroup;
			children = (
				9070232F2CDA5A51007B2199 /* TorrentListViewModel.swift */,
				90726B712CDA221B0032993E /* TorrentListHelperViewModel.swift */,
				90726B702CDA221B0032993E /* TorrentAddViewModel.swift */,
				9070232B2CDA4864007B2199 /* TorrentDetailsViewModel.swift */,
				90726B792CDA24820032993E /* TrackersViewModel.swift */,
			);
			path = TorrentView;
			sourceTree = "<group>";
		};
		90726B742CDA221B0032993E /* ViewModels */ = {
			isa = PBXGroup;
			children = (
				90AE89302CDB6EF5000E0276 /* RSSView */,
				90726B6F2CDA221B0032993E /* ServersView */,
				90726B722CDA221B0032993E /* TorrentView */,
				90726B732CDA221B0032993E /* MainViewModel.swift */,
			);
			path = ViewModels;
			sourceTree = "<group>";
		};
		9082FA1629080E53006C3960 = {
			isa = PBXGroup;
			children = (
				90200BA42B44BA6E00D3BA55 /* logo1.png */,
				9006B5212C186974002DDD4E /* Localizations */,
				9082FA2129080E53006C3960 /* qBitControl */,
				9082FA2029080E53006C3960 /* Products */,
			);
			sourceTree = "<group>";
		};
		9082FA2029080E53006C3960 /* Products */ = {
			isa = PBXGroup;
			children = (
				9082FA1F29080E53006C3960 /* qBitManager.app */,
				9082FA2F29080E55006C3960 /* qBitControlTests.xctest */,
				9082FA3929080E55006C3960 /* qBitControlUITests.xctest */,
			);
			name = Products;
			sourceTree = "<group>";
		};
		9082FA2129080E53006C3960 /* qBitControl */ = {
			isa = PBXGroup;
			children = (
				90726B1E2CDA22160032993E /* Models */,
				90726B742CDA221B0032993E /* ViewModels */,
				90726B522CDA22190032993E /* Views */,
				90726B3B2CDA22190032993E /* Components */,
				9070232D2CDA556A007B2199 /* Toolbars */,
				903DED2C290A8A2000FB36D6 /* Classes */,
				CE421B2E2BD7A9C800225FC1 /* qBitControl.entitlements */,
				90BA88532B22019900C8A342 /* Info.plist */,
				9082FA2229080E53006C3960 /* qBitControlApp.swift */,
				9082FA2829080E55006C3960 /* Preview Content */,
				9082FA2629080E55006C3960 /* Assets.xcassets */,
				90200BA82B44BC2600D3BA55 /* qBitControlTests-Bridging-Header.h */,
				90200BA92B44BC2600D3BA55 /* qBitControlUITests-Bridging-Header.h */,
			);
			path = qBitControl;
			sourceTree = "<group>";
		};
		9082FA2829080E55006C3960 /* Preview Content */ = {
			isa = PBXGroup;
			children = (
				9082FA2929080E55006C3960 /* Preview Assets.xcassets */,
			);
			path = "Preview Content";
			sourceTree = "<group>";
		};
		90AE89302CDB6EF5000E0276 /* RSSView */ = {
			isa = PBXGroup;
			children = (
				909EE5A12CDD3B4E002403DF /* RSSNodeViewModel.swift */,
				90AE89312CDB6EFC000E0276 /* RSSViewModel.swift */,
			);
			path = RSSView;
			sourceTree = "<group>";
		};
/* End PBXGroup section */

/* Begin PBXNativeTarget section */
		9082FA1E29080E53006C3960 /* qBitControl */ = {
			isa = PBXNativeTarget;
			buildConfigurationList = 9082FA4329080E55006C3960 /* Build configuration list for PBXNativeTarget "qBitControl" */;
			buildPhases = (
				9082FA1B29080E53006C3960 /* Sources */,
				9082FA1C29080E53006C3960 /* Frameworks */,
				9082FA1D29080E53006C3960 /* Resources */,
			);
			buildRules = (
			);
			dependencies = (
			);
			name = qBitControl;
			productName = TorrentAttempt;
			productReference = 9082FA1F29080E53006C3960 /* qBitManager.app */;
			productType = "com.apple.product-type.application";
		};
		9082FA2E29080E55006C3960 /* qBitControlTests */ = {
			isa = PBXNativeTarget;
			buildConfigurationList = 9082FA4629080E55006C3960 /* Build configuration list for PBXNativeTarget "qBitControlTests" */;
			buildPhases = (
				9082FA2B29080E55006C3960 /* Sources */,
				9082FA2C29080E55006C3960 /* Frameworks */,
				9082FA2D29080E55006C3960 /* Resources */,
			);
			buildRules = (
			);
			dependencies = (
				9082FA3129080E55006C3960 /* PBXTargetDependency */,
			);
			name = qBitControlTests;
			productName = TorrentAttemptTests;
			productReference = 9082FA2F29080E55006C3960 /* qBitControlTests.xctest */;
			productType = "com.apple.product-type.bundle.unit-test";
		};
		9082FA3829080E55006C3960 /* qBitControlUITests */ = {
			isa = PBXNativeTarget;
			buildConfigurationList = 9082FA4929080E55006C3960 /* Build configuration list for PBXNativeTarget "qBitControlUITests" */;
			buildPhases = (
				9082FA3529080E55006C3960 /* Sources */,
				9082FA3629080E55006C3960 /* Frameworks */,
				9082FA3729080E55006C3960 /* Resources */,
			);
			buildRules = (
			);
			dependencies = (
				9082FA3B29080E55006C3960 /* PBXTargetDependency */,
			);
			name = qBitControlUITests;
			productName = TorrentAttemptUITests;
			productReference = 9082FA3929080E55006C3960 /* qBitControlUITests.xctest */;
			productType = "com.apple.product-type.bundle.ui-testing";
		};
/* End PBXNativeTarget section */

/* Begin PBXProject section */
		9082FA1729080E53006C3960 /* Project object */ = {
			isa = PBXProject;
			attributes = {
				BuildIndependentTargetsInParallel = 1;
				LastSwiftUpdateCheck = 1400;
				LastUpgradeCheck = 1500;
				TargetAttributes = {
					9082FA1E29080E53006C3960 = {
						CreatedOnToolsVersion = 14.0.1;
					};
					9082FA2E29080E55006C3960 = {
						CreatedOnToolsVersion = 14.0.1;
						LastSwiftMigration = 1510;
						TestTargetID = 9082FA1E29080E53006C3960;
					};
					9082FA3829080E55006C3960 = {
						CreatedOnToolsVersion = 14.0.1;
						LastSwiftMigration = 1510;
						TestTargetID = 9082FA1E29080E53006C3960;
					};
				};
			};
			buildConfigurationList = 9082FA1A29080E53006C3960 /* Build configuration list for PBXProject "qBitControl" */;
			compatibilityVersion = "Xcode 14.0";
			developmentRegion = en;
			hasScannedForEncodings = 0;
			knownRegions = (
				en,
				Base,
				pl,
				ja,
				"zh-Hans",
			);
			mainGroup = 9082FA1629080E53006C3960;
			productRefGroup = 9082FA2029080E53006C3960 /* Products */;
			projectDirPath = "";
			projectRoot = "";
			targets = (
				9082FA1E29080E53006C3960 /* qBitControl */,
				9082FA2E29080E55006C3960 /* qBitControlTests */,
				9082FA3829080E55006C3960 /* qBitControlUITests */,
			);
		};
/* End PBXProject section */

/* Begin PBXResourcesBuildPhase section */
		9082FA1D29080E53006C3960 /* Resources */ = {
			isa = PBXResourcesBuildPhase;
			buildActionMask = 2147483647;
			files = (
				9082FA2A29080E55006C3960 /* Preview Assets.xcassets in Resources */,
				9025400A2CF4D6D10019D729 /* Localizable.xcstrings in Resources */,
				90200BA52B44BA6F00D3BA55 /* logo1.png in Resources */,
				9082FA2729080E55006C3960 /* Assets.xcassets in Resources */,
			);
			runOnlyForDeploymentPostprocessing = 0;
		};
		9082FA2D29080E55006C3960 /* Resources */ = {
			isa = PBXResourcesBuildPhase;
			buildActionMask = 2147483647;
			files = (
				90200BA62B44BA6F00D3BA55 /* logo1.png in Resources */,
			);
			runOnlyForDeploymentPostprocessing = 0;
		};
		9082FA3729080E55006C3960 /* Resources */ = {
			isa = PBXResourcesBuildPhase;
			buildActionMask = 2147483647;
			files = (
				90200BA72B44BA6F00D3BA55 /* logo1.png in Resources */,
			);
			runOnlyForDeploymentPostprocessing = 0;
		};
/* End PBXResourcesBuildPhase section */

/* Begin PBXSourcesBuildPhase section */
		9082FA1B29080E53006C3960 /* Sources */ = {
			isa = PBXSourcesBuildPhase;
			buildActionMask = 2147483647;
			files = (
				90E86FFE2C81C89A00F4EA01 /* qBitDataClass.swift in Sources */,
				90EF6A4D29093142001E9E7F /* qBitRequestClass.swift in Sources */,
				907023302CDA5A56007B2199 /* TorrentListViewModel.swift in Sources */,
				90BA88552B2206F100C8A342 /* LocalNetworkPermissionClass.swift in Sources */,
				90AE89392CDBEC4D000E0276 /* RSSNodeView.swift in Sources */,
				90FF93472C8707BF001CDCE4 /* AppInfo.swift in Sources */,
				90DCA7E52B51C393008A9C1B /* ServersHelper.swift in Sources */,
				90EF6A492909267A001E9E7F /* AuthClass.swift in Sources */,
				90726B1F2CDA22160032993E /* AlertIdentifier.swift in Sources */,
				90726B552CDA22190032993E /* RSSView.swift in Sources */,
				90726B562CDA22190032993E /* ServerAddView.swift in Sources */,
				9070232C2CDA4869007B2199 /* TorrentDetailsViewModel.swift in Sources */,
				90726B572CDA22190032993E /* ServerRowView.swift in Sources */,
				90726B582CDA22190032993E /* ServersView.swift in Sources */,
				90726B592CDA22190032993E /* CustomLabelView.swift in Sources */,
				907023362CDA6592007B2199 /* ChangePathView.swift in Sources */,
				90726B5A2CDA22190032993E /* MenuControlsLabelView.swift in Sources */,
				90726B5B2CDA22190032993E /* TorrentListHelperView.swift in Sources */,
				90726B5C2CDA22190032993E /* TorrentListDefaultToolbar.swift in Sources */,
				90AE893B2CDBEDF6000E0276 /* RSSFeedView.swift in Sources */,
				90726B5D2CDA22190032993E /* TorrentListSelectionToolbar.swift in Sources */,
				90726B5E2CDA22190032993E /* TorrentListToolbar.swift in Sources */,
				90726B602CDA22190032993E /* StatsChartView.swift in Sources */,
				90726B612CDA22190032993E /* StatsView.swift in Sources */,
				90726B622CDA22190032993E /* AboutView.swift in Sources */,
				90726B632CDA22190032993E /* TorrentAddView.swift in Sources */,
				90726B642CDA22190032993E /* FilesView.swift in Sources */,
				90726B652CDA22190032993E /* PeersRowView.swift in Sources */,
				90726B662CDA22190032993E /* PeersView.swift in Sources */,
				90726B672CDA22190032993E /* TrackerRow.swift in Sources */,
				907023322CDA62FD007B2199 /* TorrentListView.swift in Sources */,
				90726B682CDA22190032993E /* TrackersView.swift in Sources */,
				90726B692CDA22190032993E /* TorrentDetailsView.swift in Sources */,
				90726B6A2CDA22190032993E /* FiltersMenuView.swift in Sources */,
				90726B6B2CDA22190032993E /* PeerDetailsView.swift in Sources */,
				90726B6C2CDA22190032993E /* TorrentRowView.swift in Sources */,
				90726B6D2CDA22190032993E /* MainView.swift in Sources */,
				90AE893D2CDBEF1C000E0276 /* RSSArticleView.swift in Sources */,
				90726B212CDA22160032993E /* Category.swift in Sources */,
				90AE89342CDB731A000E0276 /* RSSNode.swift in Sources */,
				90726B222CDA22160032993E /* File.swift in Sources */,
				90726B752CDA221B0032993E /* ServerAddViewModel.swift in Sources */,
				90726B762CDA221B0032993E /* TorrentAddViewModel.swift in Sources */,
				90726B772CDA221B0032993E /* TorrentListHelperViewModel.swift in Sources */,
				907023342CDA657A007B2199 /* ChangeCategoryView.swift in Sources */,
				90726B782CDA221B0032993E /* MainViewModel.swift in Sources */,
				90726B7A2CDA24960032993E /* TrackersViewModel.swift in Sources */,
				90726B232CDA22160032993E /* GlobalTransferInfo.swift in Sources */,
				90726B242CDA22160032993E /* MainData.swift in Sources */,
				90726B252CDA22160032993E /* PartialServerState.swift in Sources */,
				90AE89322CDB6F00000E0276 /* RSSViewModel.swift in Sources */,
				909EE5A22CDD3B51002403DF /* RSSNodeViewModel.swift in Sources */,
				90726B262CDA22160032993E /* Peer.swift in Sources */,
				90726B272CDA22160032993E /* Peers.swift in Sources */,
				90726B282CDA22160032993E /* qBitPreferences.swift in Sources */,
				90726B292CDA22160032993E /* RSSFeed.swift in Sources */,
				90726B2A2CDA22160032993E /* Server.swift in Sources */,
				90726B2B2CDA22160032993E /* ServerAction.swift in Sources */,
				90726B2C2CDA22160032993E /* ServerState.swift in Sources */,
				90726B2D2CDA22160032993E /* SheetIdentifier.swift in Sources */,
				90726B2E2CDA22160032993E /* Torrent.swift in Sources */,
				90726B2F2CDA22160032993E /* Tracker.swift in Sources */,
				90726B302CDA22160032993E /* TransferInfo.swift in Sources */,
				90FA253629190D0400DC8F0B /* FileNodeClass.swift in Sources */,
				9082FA4D29082208006C3960 /* qBittorrentClass.swift in Sources */,
				9082FA2329080E53006C3960 /* qBitControlApp.swift in Sources */,
			);
			runOnlyForDeploymentPostprocessing = 0;
		};
		9082FA2B29080E55006C3960 /* Sources */ = {
			isa = PBXSourcesBuildPhase;
			buildActionMask = 2147483647;
			files = (
			);
			runOnlyForDeploymentPostprocessing = 0;
		};
		9082FA3529080E55006C3960 /* Sources */ = {
			isa = PBXSourcesBuildPhase;
			buildActionMask = 2147483647;
			files = (
			);
			runOnlyForDeploymentPostprocessing = 0;
		};
/* End PBXSourcesBuildPhase section */

/* Begin PBXTargetDependency section */
		9082FA3129080E55006C3960 /* PBXTargetDependency */ = {
			isa = PBXTargetDependency;
			target = 9082FA1E29080E53006C3960 /* qBitControl */;
			targetProxy = 9082FA3029080E55006C3960 /* PBXContainerItemProxy */;
		};
		9082FA3B29080E55006C3960 /* PBXTargetDependency */ = {
			isa = PBXTargetDependency;
			target = 9082FA1E29080E53006C3960 /* qBitControl */;
			targetProxy = 9082FA3A29080E55006C3960 /* PBXContainerItemProxy */;
		};
/* End PBXTargetDependency section */

/* Begin XCBuildConfiguration section */
		9082FA4129080E55006C3960 /* Debug */ = {
			isa = XCBuildConfiguration;
			buildSettings = {
				ALWAYS_SEARCH_USER_PATHS = NO;
				ASSETCATALOG_COMPILER_GENERATE_SWIFT_ASSET_SYMBOL_EXTENSIONS = YES;
				CLANG_ANALYZER_NONNULL = YES;
				CLANG_ANALYZER_NUMBER_OBJECT_CONVERSION = YES_AGGRESSIVE;
				CLANG_CXX_LANGUAGE_STANDARD = "gnu++20";
				CLANG_ENABLE_MODULES = YES;
				CLANG_ENABLE_OBJC_ARC = YES;
				CLANG_ENABLE_OBJC_WEAK = YES;
				CLANG_WARN_BLOCK_CAPTURE_AUTORELEASING = YES;
				CLANG_WARN_BOOL_CONVERSION = YES;
				CLANG_WARN_COMMA = YES;
				CLANG_WARN_CONSTANT_CONVERSION = YES;
				CLANG_WARN_DEPRECATED_OBJC_IMPLEMENTATIONS = YES;
				CLANG_WARN_DIRECT_OBJC_ISA_USAGE = YES_ERROR;
				CLANG_WARN_DOCUMENTATION_COMMENTS = YES;
				CLANG_WARN_EMPTY_BODY = YES;
				CLANG_WARN_ENUM_CONVERSION = YES;
				CLANG_WARN_INFINITE_RECURSION = YES;
				CLANG_WARN_INT_CONVERSION = YES;
				CLANG_WARN_NON_LITERAL_NULL_CONVERSION = YES;
				CLANG_WARN_OBJC_IMPLICIT_RETAIN_SELF = YES;
				CLANG_WARN_OBJC_LITERAL_CONVERSION = YES;
				CLANG_WARN_OBJC_ROOT_CLASS = YES_ERROR;
				CLANG_WARN_QUOTED_INCLUDE_IN_FRAMEWORK_HEADER = YES;
				CLANG_WARN_RANGE_LOOP_ANALYSIS = YES;
				CLANG_WARN_STRICT_PROTOTYPES = YES;
				CLANG_WARN_SUSPICIOUS_MOVE = YES;
				CLANG_WARN_UNGUARDED_AVAILABILITY = YES_AGGRESSIVE;
				CLANG_WARN_UNREACHABLE_CODE = YES;
				CLANG_WARN__DUPLICATE_METHOD_MATCH = YES;
				COPY_PHASE_STRIP = NO;
				DEBUG_INFORMATION_FORMAT = dwarf;
				ENABLE_STRICT_OBJC_MSGSEND = YES;
				ENABLE_TESTABILITY = YES;
				ENABLE_USER_SCRIPT_SANDBOXING = YES;
				GCC_C_LANGUAGE_STANDARD = gnu11;
				GCC_DYNAMIC_NO_PIC = NO;
				GCC_NO_COMMON_BLOCKS = YES;
				GCC_OPTIMIZATION_LEVEL = 0;
				GCC_PREPROCESSOR_DEFINITIONS = (
					"DEBUG=1",
					"$(inherited)",
				);
				GCC_WARN_64_TO_32_BIT_CONVERSION = YES;
				GCC_WARN_ABOUT_RETURN_TYPE = YES_ERROR;
				GCC_WARN_UNDECLARED_SELECTOR = YES;
				GCC_WARN_UNINITIALIZED_AUTOS = YES_AGGRESSIVE;
				GCC_WARN_UNUSED_FUNCTION = YES;
				GCC_WARN_UNUSED_VARIABLE = YES;
				IPHONEOS_DEPLOYMENT_TARGET = 16.0;
				MACOSX_DEPLOYMENT_TARGET = 11.0;
				MTL_ENABLE_DEBUG_INFO = INCLUDE_SOURCE;
				MTL_FAST_MATH = YES;
				ONLY_ACTIVE_ARCH = YES;
				SDKROOT = iphoneos;
				SWIFT_ACTIVE_COMPILATION_CONDITIONS = DEBUG;
				SWIFT_OPTIMIZATION_LEVEL = "-Onone";
			};
			name = Debug;
		};
		9082FA4229080E55006C3960 /* Release */ = {
			isa = XCBuildConfiguration;
			buildSettings = {
				ALWAYS_SEARCH_USER_PATHS = NO;
				ASSETCATALOG_COMPILER_GENERATE_SWIFT_ASSET_SYMBOL_EXTENSIONS = YES;
				CLANG_ANALYZER_NONNULL = YES;
				CLANG_ANALYZER_NUMBER_OBJECT_CONVERSION = YES_AGGRESSIVE;
				CLANG_CXX_LANGUAGE_STANDARD = "gnu++20";
				CLANG_ENABLE_MODULES = YES;
				CLANG_ENABLE_OBJC_ARC = YES;
				CLANG_ENABLE_OBJC_WEAK = YES;
				CLANG_WARN_BLOCK_CAPTURE_AUTORELEASING = YES;
				CLANG_WARN_BOOL_CONVERSION = YES;
				CLANG_WARN_COMMA = YES;
				CLANG_WARN_CONSTANT_CONVERSION = YES;
				CLANG_WARN_DEPRECATED_OBJC_IMPLEMENTATIONS = YES;
				CLANG_WARN_DIRECT_OBJC_ISA_USAGE = YES_ERROR;
				CLANG_WARN_DOCUMENTATION_COMMENTS = YES;
				CLANG_WARN_EMPTY_BODY = YES;
				CLANG_WARN_ENUM_CONVERSION = YES;
				CLANG_WARN_INFINITE_RECURSION = YES;
				CLANG_WARN_INT_CONVERSION = YES;
				CLANG_WARN_NON_LITERAL_NULL_CONVERSION = YES;
				CLANG_WARN_OBJC_IMPLICIT_RETAIN_SELF = YES;
				CLANG_WARN_OBJC_LITERAL_CONVERSION = YES;
				CLANG_WARN_OBJC_ROOT_CLASS = YES_ERROR;
				CLANG_WARN_QUOTED_INCLUDE_IN_FRAMEWORK_HEADER = YES;
				CLANG_WARN_RANGE_LOOP_ANALYSIS = YES;
				CLANG_WARN_STRICT_PROTOTYPES = YES;
				CLANG_WARN_SUSPICIOUS_MOVE = YES;
				CLANG_WARN_UNGUARDED_AVAILABILITY = YES_AGGRESSIVE;
				CLANG_WARN_UNREACHABLE_CODE = YES;
				CLANG_WARN__DUPLICATE_METHOD_MATCH = YES;
				COPY_PHASE_STRIP = NO;
				DEBUG_INFORMATION_FORMAT = "dwarf-with-dsym";
				ENABLE_NS_ASSERTIONS = NO;
				ENABLE_STRICT_OBJC_MSGSEND = YES;
				ENABLE_USER_SCRIPT_SANDBOXING = YES;
				GCC_C_LANGUAGE_STANDARD = gnu11;
				GCC_NO_COMMON_BLOCKS = YES;
				GCC_WARN_64_TO_32_BIT_CONVERSION = YES;
				GCC_WARN_ABOUT_RETURN_TYPE = YES_ERROR;
				GCC_WARN_UNDECLARED_SELECTOR = YES;
				GCC_WARN_UNINITIALIZED_AUTOS = YES_AGGRESSIVE;
				GCC_WARN_UNUSED_FUNCTION = YES;
				GCC_WARN_UNUSED_VARIABLE = YES;
				IPHONEOS_DEPLOYMENT_TARGET = 16.0;
				MACOSX_DEPLOYMENT_TARGET = 11.0;
				MTL_ENABLE_DEBUG_INFO = NO;
				MTL_FAST_MATH = YES;
				SDKROOT = iphoneos;
				SWIFT_COMPILATION_MODE = wholemodule;
				SWIFT_OPTIMIZATION_LEVEL = "-O";
				VALIDATE_PRODUCT = YES;
			};
			name = Release;
		};
		9082FA4429080E55006C3960 /* Debug */ = {
			isa = XCBuildConfiguration;
			buildSettings = {
				ASSETCATALOG_COMPILER_APPICON_NAME = AppIcon;
				ASSETCATALOG_COMPILER_GLOBAL_ACCENT_COLOR_NAME = AccentColor;
				CODE_SIGN_ENTITLEMENTS = qBitControl/qBitControl.entitlements;
				CODE_SIGN_STYLE = Automatic;
				CURRENT_PROJECT_VERSION = 9;
				DEVELOPMENT_ASSET_PATHS = "";
				DEVELOPMENT_TEAM = 626XV358Y5;
				ENABLE_PREVIEWS = YES;
				GENERATE_INFOPLIST_FILE = YES;
				INFOPLIST_FILE = qBitControl/Info.plist;
				INFOPLIST_KEY_CFBundleDisplayName = qBitControl;
				INFOPLIST_KEY_LSApplicationCategoryType = "public.app-category.utilities";
				INFOPLIST_KEY_LSSupportsOpeningDocumentsInPlace = YES;
				INFOPLIST_KEY_UIApplicationSceneManifest_Generation = YES;
				INFOPLIST_KEY_UIApplicationSupportsIndirectInputEvents = YES;
				INFOPLIST_KEY_UILaunchScreen_Generation = YES;
				INFOPLIST_KEY_UISupportedInterfaceOrientations_iPad = "UIInterfaceOrientationPortrait UIInterfaceOrientationPortraitUpsideDown UIInterfaceOrientationLandscapeLeft UIInterfaceOrientationLandscapeRight";
				INFOPLIST_KEY_UISupportedInterfaceOrientations_iPhone = "UIInterfaceOrientationPortrait UIInterfaceOrientationLandscapeLeft UIInterfaceOrientationLandscapeRight";
				LD_RUNPATH_SEARCH_PATHS = (
					"$(inherited)",
					"@executable_path/Frameworks",
				);
				MARKETING_VERSION = 1.3.0;
				PRODUCT_BUNDLE_IDENTIFIER = MikeMichael225.qBitControl;
				PRODUCT_NAME = qBitManager;
				SUPPORTED_PLATFORMS = "iphoneos iphonesimulator";
				SUPPORTS_MACCATALYST = YES;
				SWIFT_EMIT_LOC_STRINGS = YES;
				SWIFT_VERSION = 5.0;
				TARGETED_DEVICE_FAMILY = "1,2,6";
			};
			name = Debug;
		};
		9082FA4529080E55006C3960 /* Release */ = {
			isa = XCBuildConfiguration;
			buildSettings = {
				ASSETCATALOG_COMPILER_APPICON_NAME = AppIcon;
				ASSETCATALOG_COMPILER_GLOBAL_ACCENT_COLOR_NAME = AccentColor;
				CODE_SIGN_ENTITLEMENTS = qBitControl/qBitControl.entitlements;
				CODE_SIGN_STYLE = Automatic;
				CURRENT_PROJECT_VERSION = 9;
				DEVELOPMENT_ASSET_PATHS = "";
				DEVELOPMENT_TEAM = 626XV358Y5;
				ENABLE_PREVIEWS = YES;
				GENERATE_INFOPLIST_FILE = YES;
				INFOPLIST_FILE = qBitControl/Info.plist;
				INFOPLIST_KEY_CFBundleDisplayName = qBitControl;
				INFOPLIST_KEY_LSApplicationCategoryType = "public.app-category.utilities";
				INFOPLIST_KEY_LSSupportsOpeningDocumentsInPlace = YES;
				INFOPLIST_KEY_UIApplicationSceneManifest_Generation = YES;
				INFOPLIST_KEY_UIApplicationSupportsIndirectInputEvents = YES;
				INFOPLIST_KEY_UILaunchScreen_Generation = YES;
				INFOPLIST_KEY_UISupportedInterfaceOrientations_iPad = "UIInterfaceOrientationPortrait UIInterfaceOrientationPortraitUpsideDown UIInterfaceOrientationLandscapeLeft UIInterfaceOrientationLandscapeRight";
				INFOPLIST_KEY_UISupportedInterfaceOrientations_iPhone = "UIInterfaceOrientationPortrait UIInterfaceOrientationLandscapeLeft UIInterfaceOrientationLandscapeRight";
				LD_RUNPATH_SEARCH_PATHS = (
					"$(inherited)",
					"@executable_path/Frameworks",
				);
				MARKETING_VERSION = 1.3.0;
				PRODUCT_BUNDLE_IDENTIFIER = MikeMichael225.qBitControl;
				PRODUCT_NAME = qBitManager;
				SUPPORTED_PLATFORMS = "iphoneos iphonesimulator";
				SUPPORTS_MACCATALYST = YES;
				SWIFT_EMIT_LOC_STRINGS = YES;
				SWIFT_VERSION = 5.0;
				TARGETED_DEVICE_FAMILY = "1,2,6";
			};
			name = Release;
		};
		9082FA4729080E55006C3960 /* Debug */ = {
			isa = XCBuildConfiguration;
			buildSettings = {
				ALWAYS_EMBED_SWIFT_STANDARD_LIBRARIES = YES;
				BUNDLE_LOADER = "$(TEST_HOST)";
				CLANG_ENABLE_MODULES = YES;
				CODE_SIGN_STYLE = Automatic;
				CURRENT_PROJECT_VERSION = 1;
				GENERATE_INFOPLIST_FILE = YES;
				IPHONEOS_DEPLOYMENT_TARGET = 16.0;
				MARKETING_VERSION = 1.0;
				PRODUCT_BUNDLE_IDENTIFIER = MikeMichael.TorrentAttemptTests;
				PRODUCT_NAME = "$(TARGET_NAME)";
				SWIFT_EMIT_LOC_STRINGS = NO;
				SWIFT_OBJC_BRIDGING_HEADER = "qBitControl/qBitControlTests-Bridging-Header.h";
				SWIFT_OPTIMIZATION_LEVEL = "-Onone";
				SWIFT_VERSION = 5.0;
				TARGETED_DEVICE_FAMILY = "1,2";
				TEST_HOST = "$(BUILT_PRODUCTS_DIR)/qBitControl.app/$(BUNDLE_EXECUTABLE_FOLDER_PATH)/qBitControl";
			};
			name = Debug;
		};
		9082FA4829080E55006C3960 /* Release */ = {
			isa = XCBuildConfiguration;
			buildSettings = {
				ALWAYS_EMBED_SWIFT_STANDARD_LIBRARIES = YES;
				BUNDLE_LOADER = "$(TEST_HOST)";
				CLANG_ENABLE_MODULES = YES;
				CODE_SIGN_STYLE = Automatic;
				CURRENT_PROJECT_VERSION = 1;
				GENERATE_INFOPLIST_FILE = YES;
				IPHONEOS_DEPLOYMENT_TARGET = 16.0;
				MARKETING_VERSION = 1.0;
				PRODUCT_BUNDLE_IDENTIFIER = MikeMichael.TorrentAttemptTests;
				PRODUCT_NAME = "$(TARGET_NAME)";
				SWIFT_EMIT_LOC_STRINGS = NO;
				SWIFT_OBJC_BRIDGING_HEADER = "qBitControl/qBitControlTests-Bridging-Header.h";
				SWIFT_VERSION = 5.0;
				TARGETED_DEVICE_FAMILY = "1,2";
				TEST_HOST = "$(BUILT_PRODUCTS_DIR)/qBitControl.app/$(BUNDLE_EXECUTABLE_FOLDER_PATH)/qBitControl";
			};
			name = Release;
		};
		9082FA4A29080E55006C3960 /* Debug */ = {
			isa = XCBuildConfiguration;
			buildSettings = {
				ALWAYS_EMBED_SWIFT_STANDARD_LIBRARIES = YES;
				CLANG_ENABLE_MODULES = YES;
				CODE_SIGN_STYLE = Automatic;
				CURRENT_PROJECT_VERSION = 1;
				GENERATE_INFOPLIST_FILE = YES;
				MARKETING_VERSION = 1.0;
				PRODUCT_BUNDLE_IDENTIFIER = MikeMichael.TorrentAttemptUITests;
				PRODUCT_NAME = "$(TARGET_NAME)";
				SWIFT_EMIT_LOC_STRINGS = NO;
				SWIFT_OBJC_BRIDGING_HEADER = "qBitControl/qBitControlUITests-Bridging-Header.h";
				SWIFT_OPTIMIZATION_LEVEL = "-Onone";
				SWIFT_VERSION = 5.0;
				TARGETED_DEVICE_FAMILY = "1,2";
				TEST_TARGET_NAME = TorrentAttempt;
			};
			name = Debug;
		};
		9082FA4B29080E55006C3960 /* Release */ = {
			isa = XCBuildConfiguration;
			buildSettings = {
				ALWAYS_EMBED_SWIFT_STANDARD_LIBRARIES = YES;
				CLANG_ENABLE_MODULES = YES;
				CODE_SIGN_STYLE = Automatic;
				CURRENT_PROJECT_VERSION = 1;
				GENERATE_INFOPLIST_FILE = YES;
				MARKETING_VERSION = 1.0;
				PRODUCT_BUNDLE_IDENTIFIER = MikeMichael.TorrentAttemptUITests;
				PRODUCT_NAME = "$(TARGET_NAME)";
				SWIFT_EMIT_LOC_STRINGS = NO;
				SWIFT_OBJC_BRIDGING_HEADER = "qBitControl/qBitControlUITests-Bridging-Header.h";
				SWIFT_VERSION = 5.0;
				TARGETED_DEVICE_FAMILY = "1,2";
				TEST_TARGET_NAME = TorrentAttempt;
			};
			name = Release;
		};
/* End XCBuildConfiguration section */

/* Begin XCConfigurationList section */
		9082FA1A29080E53006C3960 /* Build configuration list for PBXProject "qBitControl" */ = {
			isa = XCConfigurationList;
			buildConfigurations = (
				9082FA4129080E55006C3960 /* Debug */,
				9082FA4229080E55006C3960 /* Release */,
			);
			defaultConfigurationIsVisible = 0;
			defaultConfigurationName = Release;
		};
		9082FA4329080E55006C3960 /* Build configuration list for PBXNativeTarget "qBitControl" */ = {
			isa = XCConfigurationList;
			buildConfigurations = (
				9082FA4429080E55006C3960 /* Debug */,
				9082FA4529080E55006C3960 /* Release */,
			);
			defaultConfigurationIsVisible = 0;
			defaultConfigurationName = Release;
		};
		9082FA4629080E55006C3960 /* Build configuration list for PBXNativeTarget "qBitControlTests" */ = {
			isa = XCConfigurationList;
			buildConfigurations = (
				9082FA4729080E55006C3960 /* Debug */,
				9082FA4829080E55006C3960 /* Release */,
			);
			defaultConfigurationIsVisible = 0;
			defaultConfigurationName = Release;
		};
		9082FA4929080E55006C3960 /* Build configuration list for PBXNativeTarget "qBitControlUITests" */ = {
			isa = XCConfigurationList;
			buildConfigurations = (
				9082FA4A29080E55006C3960 /* Debug */,
				9082FA4B29080E55006C3960 /* Release */,
			);
			defaultConfigurationIsVisible = 0;
			defaultConfigurationName = Release;
		};
/* End XCConfigurationList section */
	};
	rootObject = 9082FA1729080E53006C3960 /* Project object */;
}
